
Microsoft Visual Studio Solution File, Format Version 12.00
# Visual Studio Version 17
VisualStudioVersion = 17.8.34525.116
MinimumVisualStudioVersion = 10.0.40219.1
Project("{8BC9CEB8-8B4A-11D0-8D11-00A0C91BC942}") = "fms_iterable", "fms_iterable.vcxproj", "{44181F5A-DDA1-488A-94E8-B4F38E984A3D}"
EndProject
Global
	GlobalSection(SolutionConfigurationPlatforms) = preSolution
		Debug|x64 = Debug|x64
		Debug|x86 = Debug|x86
		Release|x64 = Release|x64
		Release|x86 = Release|x86
	EndGlobalSection
	GlobalSection(ProjectConfigurationPlatforms) = postSolution
		{44181F5A-DDA1-488A-94E8-B4F38E984A3D}.Debug|x64.ActiveCfg = Debug|x64
		{44181F5A-DDA1-488A-94E8-B4F38E984A3D}.Debug|x64.Build.0 = Debug|x64
		{44181F5A-DDA1-488A-94E8-B4F38E984A3D}.Debug|x86.ActiveCfg = Debug|Win32
		{44181F5A-DDA1-488A-94E8-B4F38E984A3D}.Debug|x86.Build.0 = Debug|Win32
		{44181F5A-DDA1-488A-94E8-B4F38E984A3D}.Release|x64.ActiveCfg = Release|x64
		{44181F5A-DDA1-488A-94E8-B4F38E984A3D}.Release|x64.Build.0 = Release|x64
		{44181F5A-DDA1-488A-94E8-B4F38E984A3D}.Release|x86.ActiveCfg = Release|Win32
		{44181F5A-DDA1-488A-94E8-B4F38E984A3D}.Release|x86.Build.0 = Release|Win32
	EndGlobalSection
	GlobalSection(SolutionProperties) = preSolution
		HideSolutionNode = FALSE
	EndGlobalSection
	GlobalSection(ExtensibilityGlobals) = postSolution
		SolutionGuid = {8C77ED11-D462-46AB-AEE1-398D1056BC57}
	EndGlobalSection
EndGlobal
